
Microsoft Visual Studio Solution File, Format Version 12.00
# Visual Studio Version 16
VisualStudioVersion = 16.0.29230.47
MinimumVisualStudioVersion = 10.0.40219.1
Project("{FAE04EC0-301F-11D3-BF4B-00C04F79EFBC}") = "ImageFinder", "ImageFinder\ImageFinder.csproj", "{DBDA0CE7-FBE0-415A-A17E-75C1D1F23AEB}"
EndProject
Global
	GlobalSection(SolutionConfigurationPlatforms) = preSolution
		Debug|Any CPU = Debug|Any CPU
		Release|Any CPU = Release|Any CPU
	EndGlobalSection
	GlobalSection(ProjectConfigurationPlatforms) = postSolution
		{DBDA0CE7-FBE0-415A-A17E-75C1D1F23AEB}.Debug|Any CPU.ActiveCfg = Debug|Any CPU
		{DBDA0CE7-FBE0-415A-A17E-75C1D1F23AEB}.Debug|Any CPU.Build.0 = Debug|Any CPU
		{DBDA0CE7-FBE0-415A-A17E-75C1D1F23AEB}.Release|Any CPU.ActiveCfg = Release|Any CPU
		{DBDA0CE7-FBE0-415A-A17E-75C1D1F23AEB}.Release|Any CPU.Build.0 = Release|Any CPU
	EndGlobalSection
	GlobalSection(SolutionProperties) = preSolution
		HideSolutionNode = FALSE
	EndGlobalSection
	GlobalSection(ExtensibilityGlobals) = postSolution
		SolutionGuid = {B992ED36-13B0-4B7F-A981-0C9FEA74DE40}
	EndGlobalSection
EndGlobal
